// !$*UTF8*$!
{
	archiveVersion = 1;
	classes = {
	};
	objectVersion = 77;
	objects = {

/* Begin PBXBuildFile section */
		A46854972D1729B500DB3E87 /* Defaults in Frameworks */ = {isa = PBXBuildFile; productRef = A46854962D1729B500DB3E87 /* Defaults */; };
		A4D6DC6E2D37EE4700E9A61D /* SFSafeSymbols in Frameworks */ = {isa = PBXBuildFile; productRef = A4D6DC6D2D37EE4700E9A61D /* SFSafeSymbols */; };
/* End PBXBuildFile section */

/* Begin PBXContainerItemProxy section */
		A4D9A1AE2D257055008D91E7 /* PBXContainerItemProxy */ = {
			isa = PBXContainerItemProxy;
			containerPortal = A42B35352BA2185B009E81AD /* Project object */;
			proxyType = 1;
			remoteGlobalIDString = A42B353C2BA2185B009E81AD;
			remoteInfo = Genius;
		};
/* End PBXContainerItemProxy section */

/* Begin PBXFileReference section */
		A42B353D2BA2185B009E81AD /* Genius.app */ = {isa = PBXFileReference; explicitFileType = wrapper.application; includeInIndex = 0; path = Genius.app; sourceTree = BUILT_PRODUCTS_DIR; };
		A438B3FA2CA346C600F8DF17 /* LICENSE.txt */ = {isa = PBXFileReference; lastKnownFileType = text; path = LICENSE.txt; sourceTree = "<group>"; };
		A43BD9C32C729A680049953D /* .swiftformat */ = {isa = PBXFileReference; lastKnownFileType = text; path = .swiftformat; sourceTree = "<group>"; };
		A444562E2D0E4EB200CE6207 /* .periphery.yml */ = {isa = PBXFileReference; lastKnownFileType = text.yaml; path = .periphery.yml; sourceTree = "<group>"; usesTabs = 0; };
		A4528F1F2BCD9B400092CBB8 /* .gitignore */ = {isa = PBXFileReference; lastKnownFileType = text; path = .gitignore; sourceTree = "<group>"; };
		A452AFF22BBF2CAB00760569 /* .swiftlint.yml */ = {isa = PBXFileReference; lastKnownFileType = text.yaml; path = .swiftlint.yml; sourceTree = "<group>"; usesTabs = 0; };
		A47BFC592C72116700B88607 /* README_DE.md */ = {isa = PBXFileReference; lastKnownFileType = net.daringfireball.markdown; path = README_DE.md; sourceTree = "<group>"; };
		A4844FF82C73E08C0021E6E8 /* Install.sh */ = {isa = PBXFileReference; lastKnownFileType = text.script.sh; path = Install.sh; sourceTree = "<group>"; };
		A4D9A1AA2D257055008D91E7 /* GeniusTests.xctest */ = {isa = PBXFileReference; explicitFileType = wrapper.cfbundle; includeInIndex = 0; path = GeniusTests.xctest; sourceTree = BUILT_PRODUCTS_DIR; };
		A4EB1C9A2BCC3F8200DF01A6 /* README.md */ = {isa = PBXFileReference; lastKnownFileType = net.daringfireball.markdown; path = README.md; sourceTree = "<group>"; };
/* End PBXFileReference section */

/* Begin PBXFileSystemSynchronizedBuildFileExceptionSet section */
		A450FB812D16DBC3005EA160 /* Exceptions for "Genius" folder in "Genius" target */ = {
			isa = PBXFileSystemSynchronizedBuildFileExceptionSet;
			membershipExceptions = (
				Info.plist,
			);
			target = A42B353C2BA2185B009E81AD /* Genius */;
		};
		A4D9A1BB2D257061008D91E7 /* Exceptions for "GeniusTests" folder in "GeniusTests" target */ = {
			isa = PBXFileSystemSynchronizedBuildFileExceptionSet;
			membershipExceptions = (
				.swiftformat,
			);
			target = A4D9A1A92D257055008D91E7 /* GeniusTests */;
		};
/* End PBXFileSystemSynchronizedBuildFileExceptionSet section */

/* Begin PBXFileSystemSynchronizedRootGroup section */
		A417A7ED2C5EC312001FD481 /* .github */ = {
			isa = PBXFileSystemSynchronizedRootGroup;
			path = .github;
			sourceTree = "<group>";
			usesTabs = 0;
		};
		A47D8B992C26145300A0E4CF /* Genius */ = {
			isa = PBXFileSystemSynchronizedRootGroup;
			exceptions = (
				A450FB812D16DBC3005EA160 /* Exceptions for "Genius" folder in "Genius" target */,
			);
			path = Genius;
			sourceTree = "<group>";
		};
		A4D9A1AB2D257055008D91E7 /* GeniusTests */ = {
			isa = PBXFileSystemSynchronizedRootGroup;
			exceptions = (
				A4D9A1BB2D257061008D91E7 /* Exceptions for "GeniusTests" folder in "GeniusTests" target */,
			);
			path = GeniusTests;
			sourceTree = "<group>";
		};
/* End PBXFileSystemSynchronizedRootGroup section */

/* Begin PBXFrameworksBuildPhase section */
		A46854942D1729A800DB3E87 /* Frameworks */ = {
			isa = PBXFrameworksBuildPhase;
			buildActionMask = 2147483647;
			files = (
				A4D6DC6E2D37EE4700E9A61D /* SFSafeSymbols in Frameworks */,
				A46854972D1729B500DB3E87 /* Defaults in Frameworks */,
			);
			runOnlyForDeploymentPostprocessing = 0;
		};
		A4D9A1A72D257055008D91E7 /* Frameworks */ = {
			isa = PBXFrameworksBuildPhase;
			buildActionMask = 2147483647;
			files = (
			);
			runOnlyForDeploymentPostprocessing = 0;
		};
/* End PBXFrameworksBuildPhase section */

/* Begin PBXGroup section */
		A42B35342BA2185B009E81AD = {
			isa = PBXGroup;
			children = (
				A417A7ED2C5EC312001FD481 /* .github */,
				A4528F1F2BCD9B400092CBB8 /* .gitignore */,
				A444562E2D0E4EB200CE6207 /* .periphery.yml */,
				A43BD9C32C729A680049953D /* .swiftformat */,
				A452AFF22BBF2CAB00760569 /* .swiftlint.yml */,
				A47D8B992C26145300A0E4CF /* Genius */,
				A4D9A1AB2D257055008D91E7 /* GeniusTests */,
				A4844FF82C73E08C0021E6E8 /* Install.sh */,
				A438B3FA2CA346C600F8DF17 /* LICENSE.txt */,
				A47BFC592C72116700B88607 /* README_DE.md */,
				A4EB1C9A2BCC3F8200DF01A6 /* README.md */,
				A42B353E2BA2185B009E81AD /* Products */,
			);
			sourceTree = "<group>";
			usesTabs = 1;
		};
		A42B353E2BA2185B009E81AD /* Products */ = {
			isa = PBXGroup;
			children = (
				A42B353D2BA2185B009E81AD /* Genius.app */,
				A4D9A1AA2D257055008D91E7 /* GeniusTests.xctest */,
			);
			name = Products;
			sourceTree = "<group>";
		};
/* End PBXGroup section */

/* Begin PBXNativeTarget section */
		A42B353C2BA2185B009E81AD /* Genius */ = {
			isa = PBXNativeTarget;
			buildConfigurationList = A42B354E2BA2185C009E81AD /* Build configuration list for PBXNativeTarget "Genius" */;
			buildPhases = (
				A42660D12C729D04000E0507 /* SwiftFormat */,
				A42B35392BA2185B009E81AD /* Sources */,
				A46854942D1729A800DB3E87 /* Frameworks */,
				A42B353B2BA2185B009E81AD /* Resources */,
			);
			buildRules = (
			);
			dependencies = (
				A4672DDB2C61207100C933CB /* PBXTargetDependency */,
			);
			fileSystemSynchronizedGroups = (
				A47D8B992C26145300A0E4CF /* Genius */,
			);
			name = Genius;
			productName = Genius;
			productReference = A42B353D2BA2185B009E81AD /* Genius.app */;
			productType = "com.apple.product-type.application";
		};
		A4D9A1A92D257055008D91E7 /* GeniusTests */ = {
			isa = PBXNativeTarget;
			buildConfigurationList = A4D9A1B22D257055008D91E7 /* Build configuration list for PBXNativeTarget "GeniusTests" */;
			buildPhases = (
				A4D9A1A62D257055008D91E7 /* Sources */,
				A4D9A1A72D257055008D91E7 /* Frameworks */,
				A4D9A1A82D257055008D91E7 /* Resources */,
			);
			buildRules = (
			);
			dependencies = (
				A4D9A1BD2D257090008D91E7 /* PBXTargetDependency */,
				A4D9A1AF2D257055008D91E7 /* PBXTargetDependency */,
			);
			fileSystemSynchronizedGroups = (
				A4D9A1AB2D257055008D91E7 /* GeniusTests */,
			);
			name = GeniusTests;
			packageProductDependencies = (
			);
			productName = GeniusTests;
			productReference = A4D9A1AA2D257055008D91E7 /* GeniusTests.xctest */;
			productType = "com.apple.product-type.bundle.unit-test";
		};
/* End PBXNativeTarget section */

/* Begin PBXProject section */
		A42B35352BA2185B009E81AD /* Project object */ = {
			isa = PBXProject;
			attributes = {
				BuildIndependentTargetsInParallel = YES;
				LastSwiftUpdateCheck = 1640;
				LastUpgradeCheck = 1640;
				TargetAttributes = {
					A42B353C2BA2185B009E81AD = {
						CreatedOnToolsVersion = 16.4;
					};
					A4D9A1A92D257055008D91E7 = {
						CreatedOnToolsVersion = 16.4;
						TestTargetID = A42B353C2BA2185B009E81AD;
					};
				};
			};
			buildConfigurationList = A42B35382BA2185B009E81AD /* Build configuration list for PBXProject "Genius" */;
			developmentRegion = en;
			hasScannedForEncodings = 0;
			knownRegions = (
				en,
				de,
			);
			mainGroup = A42B35342BA2185B009E81AD;
			minimizedProjectReferenceProxies = 1;
			packageReferences = (
				A4672DD92C61205000C933CB /* XCRemoteSwiftPackageReference "SwiftLintPlugins" */,
				A46854952D1729B500DB3E87 /* XCRemoteSwiftPackageReference "Defaults" */,
				A4D6DC6C2D37EE4700E9A61D /* XCRemoteSwiftPackageReference "SFSafeSymbols" */,
			);
			preferredProjectObjectVersion = 77;
			productRefGroup = A42B353E2BA2185B009E81AD /* Products */;
			projectDirPath = "";
			projectRoot = "";
			targets = (
				A42B353C2BA2185B009E81AD /* Genius */,
				A4D9A1A92D257055008D91E7 /* GeniusTests */,
			);
		};
/* End PBXProject section */

/* Begin PBXResourcesBuildPhase section */
		A42B353B2BA2185B009E81AD /* Resources */ = {
			isa = PBXResourcesBuildPhase;
			buildActionMask = 2147483647;
			files = (
			);
			runOnlyForDeploymentPostprocessing = 0;
		};
		A4D9A1A82D257055008D91E7 /* Resources */ = {
			isa = PBXResourcesBuildPhase;
			buildActionMask = 2147483647;
			files = (
			);
			runOnlyForDeploymentPostprocessing = 0;
		};
/* End PBXResourcesBuildPhase section */

/* Begin PBXShellScriptBuildPhase section */
		A42660D12C729D04000E0507 /* SwiftFormat */ = {
			isa = PBXShellScriptBuildPhase;
			alwaysOutOfDate = 1;
			buildActionMask = 2147483647;
			files = (
			);
			inputFileListPaths = (
			);
			inputPaths = (
			);
			name = SwiftFormat;
			outputFileListPaths = (
			);
			outputPaths = (
			);
			runOnlyForDeploymentPostprocessing = 0;
			shellPath = /bin/zsh;
			shellScript = "if [[ ${COMMAND_MODE} ]]; then\n\tif which -s swiftformat; then\n\t\tswiftformat --lint --lenient .\n\telse\n\t\techo \"warning: SwiftFormat is not installed, see https://github.com/nicklockwood/SwiftFormat#command-line-tool for installation instructions\"\n\tfi\nfi\n";
		};
/* End PBXShellScriptBuildPhase section */

/* Begin PBXSourcesBuildPhase section */
		A42B35392BA2185B009E81AD /* Sources */ = {
			isa = PBXSourcesBuildPhase;
			buildActionMask = 2147483647;
			files = (
			);
			runOnlyForDeploymentPostprocessing = 0;
		};
		A4D9A1A62D257055008D91E7 /* Sources */ = {
			isa = PBXSourcesBuildPhase;
			buildActionMask = 2147483647;
			files = (
			);
			runOnlyForDeploymentPostprocessing = 0;
		};
/* End PBXSourcesBuildPhase section */

/* Begin PBXTargetDependency section */
		A4672DDB2C61207100C933CB /* PBXTargetDependency */ = {
			isa = PBXTargetDependency;
			productRef = A4672DDA2C61207100C933CB /* SwiftLintBuildToolPlugin */;
		};
		A4D9A1AF2D257055008D91E7 /* PBXTargetDependency */ = {
			isa = PBXTargetDependency;
			target = A42B353C2BA2185B009E81AD /* Genius */;
			targetProxy = A4D9A1AE2D257055008D91E7 /* PBXContainerItemProxy */;
		};
		A4D9A1BD2D257090008D91E7 /* PBXTargetDependency */ = {
			isa = PBXTargetDependency;
			productRef = A4D9A1BC2D257090008D91E7 /* SwiftLintBuildToolPlugin */;
		};
/* End PBXTargetDependency section */

/* Begin XCBuildConfiguration section */
		A42B354C2BA2185C009E81AD /* Debug */ = {
			isa = XCBuildConfiguration;
			buildSettings = {
				ALWAYS_SEARCH_USER_PATHS = NO;
				ASSETCATALOG_COMPILER_GENERATE_SWIFT_ASSET_SYMBOL_EXTENSIONS = YES;
				CLANG_ADDRESS_SANITIZER_CONTAINER_OVERFLOW = YES;
				CLANG_ANALYZER_GCD_PERFORMANCE = YES;
				CLANG_ANALYZER_LOCALIZABILITY_EMPTY_CONTEXT = YES;
				CLANG_ANALYZER_LOCALIZABILITY_NONLOCALIZED = YES;
				CLANG_ANALYZER_NONNULL = YES;
				CLANG_ANALYZER_NUMBER_OBJECT_CONVERSION = YES_AGGRESSIVE;
				CLANG_ANALYZER_OSOBJECT_C_STYLE_CAST = YES;
				CLANG_ANALYZER_SECURITY_FLOATLOOPCOUNTER = YES;
				CLANG_ANALYZER_SECURITY_INSECUREAPI_RAND = YES;
				CLANG_ANALYZER_SECURITY_INSECUREAPI_STRCPY = YES;
				CLANG_CXX_STANDARD_LIBRARY_HARDENING = extensive;
				CLANG_ENABLE_OBJC_WEAK = YES;
				CLANG_STATIC_ANALYZER_MODE = deep;
				CLANG_TIDY_BUGPRONE_REDUNDANT_BRANCH_CONDITION = YES;
				CLANG_TIDY_MISC_REDUNDANT_EXPRESSION = YES;
				CLANG_UNDEFINED_BEHAVIOR_SANITIZER_INTEGER = YES;
				CLANG_UNDEFINED_BEHAVIOR_SANITIZER_NULLABILITY = YES;
				CLANG_WARN_ASSIGN_ENUM = YES;
				CLANG_WARN_ATOMIC_IMPLICIT_SEQ_CST = YES;
				CLANG_WARN_BLOCK_CAPTURE_AUTORELEASING = YES;
				CLANG_WARN_COMMA = YES;
				CLANG_WARN_COMPLETION_HANDLER_MISUSE = YES;
				CLANG_WARN_CXX0X_EXTENSIONS = YES;
				CLANG_WARN_DEPRECATED_OBJC_IMPLEMENTATIONS = YES;
				CLANG_WARN_DOCUMENTATION_COMMENTS = YES;
				CLANG_WARN_EMPTY_BODY = YES;
				CLANG_WARN_FRAMEWORK_INCLUDE_PRIVATE_FROM_PUBLIC = YES;
				CLANG_WARN_IMPLICIT_FALLTHROUGH = YES;
				CLANG_WARN_IMPLICIT_SIGN_CONVERSION = YES;
				CLANG_WARN_INFINITE_RECURSION = YES;
				CLANG_WARN_OBJC_EXPLICIT_OWNERSHIP_TYPE = YES;
				CLANG_WARN_OBJC_IMPLICIT_ATOMIC_PROPERTIES = YES;
				CLANG_WARN_OBJC_IMPLICIT_RETAIN_SELF = YES;
				CLANG_WARN_OBJC_INTERFACE_IVARS = YES;
				CLANG_WARN_OBJC_MISSING_PROPERTY_SYNTHESIS = YES;
				CLANG_WARN_OBJC_REPEATED_USE_OF_WEAK = YES_AGGRESSIVE;
				CLANG_WARN_QUOTED_INCLUDE_IN_FRAMEWORK_HEADER = YES;
				CLANG_WARN_RANGE_LOOP_ANALYSIS = YES;
				CLANG_WARN_SEMICOLON_BEFORE_METHOD_BODY = YES;
				CLANG_WARN_STRICT_PROTOTYPES = YES;
				CLANG_WARN_SUSPICIOUS_IMPLICIT_CONVERSION = YES;
				CLANG_WARN_SUSPICIOUS_MOVE = YES;
				CLANG_WARN_UNGUARDED_AVAILABILITY = YES_AGGRESSIVE;
				CLANG_WARN_UNREACHABLE_CODE = YES_AGGRESSIVE;
				CLANG_WARN__DUPLICATE_METHOD_MATCH = YES;
				CLANG_WARN__EXIT_TIME_DESTRUCTORS = YES;
				CODE_SIGN_ENTITLEMENTS = Genius/Genius.entitlements;
				CODE_SIGN_STYLE = Automatic;
				COPY_PHASE_STRIP = NO;
				CURRENT_PROJECT_VERSION = 1;
				DEAD_CODE_STRIPPING = YES;
				DEBUG_INFORMATION_FORMAT = "dwarf-with-dsym";
				ENABLE_HARDENED_RUNTIME = YES;
				ENABLE_STRICT_OBJC_MSGSEND = YES;
				ENABLE_TESTABILITY = YES;
				GCC_NO_COMMON_BLOCKS = YES;
				GCC_WARN_64_TO_32_BIT_CONVERSION = YES;
				GCC_WARN_ABOUT_MISSING_FIELD_INITIALIZERS = YES;
				GCC_WARN_ABOUT_MISSING_NEWLINE = YES;
				GCC_WARN_ABOUT_MISSING_PROTOTYPES = YES;
				GCC_WARN_ABOUT_RETURN_TYPE = YES;
				GCC_WARN_FOUR_CHARACTER_CONSTANTS = YES;
				GCC_WARN_HIDDEN_VIRTUAL_FUNCTIONS = YES;
				GCC_WARN_INITIALIZER_NOT_FULLY_BRACKETED = YES;
				GCC_WARN_NON_VIRTUAL_DESTRUCTOR = YES;
				GCC_WARN_PEDANTIC = YES;
				GCC_WARN_SHADOW = YES;
				GCC_WARN_SIGN_COMPARE = YES;
				GCC_WARN_STRICT_SELECTOR_MATCH = YES;
				GCC_WARN_UNDECLARED_SELECTOR = YES;
				GCC_WARN_UNINITIALIZED_AUTOS = YES_AGGRESSIVE;
				GCC_WARN_UNKNOWN_PRAGMAS = YES;
				GCC_WARN_UNUSED_FUNCTION = YES;
				GCC_WARN_UNUSED_LABEL = YES;
				GCC_WARN_UNUSED_PARAMETER = YES;
				GCC_WARN_UNUSED_VARIABLE = YES;
				GENERATE_INFOPLIST_FILE = YES;
				INFOPLIST_FILE = Genius/Info.plist;
				INFOPLIST_KEY_LSApplicationCategoryType = "public.app-category.utilities";
				INFOPLIST_KEY_NSHumanReadableCopyright = "© 2024 - 2025 F1248 <f1248@mailbox.org>";
				LD_WARN_DUPLICATE_LIBRARIES = YES;
				LD_WARN_UNUSED_DYLIBS = YES;
				LLVM_LTO = YES;
				MACOSX_DEPLOYMENT_TARGET = 15.0;
				MARKETING_VERSION = 0.1.0;
				ONLY_ACTIVE_ARCH = YES;
				PRODUCT_BUNDLE_IDENTIFIER = dev.F1248.Genius;
				PRODUCT_NAME = "$(TARGET_NAME)";
				RUN_CLANG_STATIC_ANALYZER = YES;
				SWIFT_EMIT_LOC_STRINGS = YES;
				SWIFT_OPTIMIZATION_LEVEL = "-Onone";
				SWIFT_UPCOMING_FEATURE_EXISTENTIAL_ANY = YES;
				SWIFT_UPCOMING_FEATURE_INTERNAL_IMPORTS_BY_DEFAULT = YES;
				SWIFT_UPCOMING_FEATURE_MEMBER_IMPORT_VISIBILITY = YES;
				SWIFT_VERSION = 6.0;
				VALIDATE_PRODUCT = YES;
			};
			name = Debug;
		};
		A42B354D2BA2185C009E81AD /* Release */ = {
			isa = XCBuildConfiguration;
			buildSettings = {
				ALWAYS_SEARCH_USER_PATHS = NO;
				ASSETCATALOG_COMPILER_GENERATE_SWIFT_ASSET_SYMBOL_EXTENSIONS = YES;
				CLANG_ADDRESS_SANITIZER_CONTAINER_OVERFLOW = YES;
				CLANG_ANALYZER_GCD_PERFORMANCE = YES;
				CLANG_ANALYZER_LOCALIZABILITY_EMPTY_CONTEXT = YES;
				CLANG_ANALYZER_LOCALIZABILITY_NONLOCALIZED = YES;
				CLANG_ANALYZER_NONNULL = YES;
				CLANG_ANALYZER_NUMBER_OBJECT_CONVERSION = YES_AGGRESSIVE;
				CLANG_ANALYZER_OSOBJECT_C_STYLE_CAST = YES;
				CLANG_ANALYZER_SECURITY_FLOATLOOPCOUNTER = YES;
				CLANG_ANALYZER_SECURITY_INSECUREAPI_RAND = YES;
				CLANG_ANALYZER_SECURITY_INSECUREAPI_STRCPY = YES;
				CLANG_CXX_STANDARD_LIBRARY_HARDENING = extensive;
				CLANG_ENABLE_OBJC_WEAK = YES;
				CLANG_STATIC_ANALYZER_MODE = deep;
				CLANG_TIDY_BUGPRONE_REDUNDANT_BRANCH_CONDITION = YES;
				CLANG_TIDY_MISC_REDUNDANT_EXPRESSION = YES;
				CLANG_UNDEFINED_BEHAVIOR_SANITIZER_INTEGER = YES;
				CLANG_UNDEFINED_BEHAVIOR_SANITIZER_NULLABILITY = YES;
				CLANG_WARN_ASSIGN_ENUM = YES;
				CLANG_WARN_ATOMIC_IMPLICIT_SEQ_CST = YES;
				CLANG_WARN_BLOCK_CAPTURE_AUTORELEASING = YES;
				CLANG_WARN_COMMA = YES;
				CLANG_WARN_COMPLETION_HANDLER_MISUSE = YES;
				CLANG_WARN_CXX0X_EXTENSIONS = YES;
				CLANG_WARN_DEPRECATED_OBJC_IMPLEMENTATIONS = YES;
				CLANG_WARN_DOCUMENTATION_COMMENTS = YES;
				CLANG_WARN_EMPTY_BODY = YES;
				CLANG_WARN_FRAMEWORK_INCLUDE_PRIVATE_FROM_PUBLIC = YES;
				CLANG_WARN_IMPLICIT_FALLTHROUGH = YES;
				CLANG_WARN_IMPLICIT_SIGN_CONVERSION = YES;
				CLANG_WARN_INFINITE_RECURSION = YES;
				CLANG_WARN_OBJC_EXPLICIT_OWNERSHIP_TYPE = YES;
				CLANG_WARN_OBJC_IMPLICIT_ATOMIC_PROPERTIES = YES;
				CLANG_WARN_OBJC_IMPLICIT_RETAIN_SELF = YES;
				CLANG_WARN_OBJC_INTERFACE_IVARS = YES;
				CLANG_WARN_OBJC_MISSING_PROPERTY_SYNTHESIS = YES;
				CLANG_WARN_OBJC_REPEATED_USE_OF_WEAK = YES_AGGRESSIVE;
				CLANG_WARN_QUOTED_INCLUDE_IN_FRAMEWORK_HEADER = YES;
				CLANG_WARN_RANGE_LOOP_ANALYSIS = YES;
				CLANG_WARN_SEMICOLON_BEFORE_METHOD_BODY = YES;
				CLANG_WARN_STRICT_PROTOTYPES = YES;
				CLANG_WARN_SUSPICIOUS_IMPLICIT_CONVERSION = YES;
				CLANG_WARN_SUSPICIOUS_MOVE = YES;
				CLANG_WARN_UNGUARDED_AVAILABILITY = YES_AGGRESSIVE;
				CLANG_WARN_UNREACHABLE_CODE = YES_AGGRESSIVE;
				CLANG_WARN__DUPLICATE_METHOD_MATCH = YES;
				CLANG_WARN__EXIT_TIME_DESTRUCTORS = YES;
				CODE_SIGN_ENTITLEMENTS = Genius/Genius.entitlements;
				CODE_SIGN_INJECT_BASE_ENTITLEMENTS = NO;
				CODE_SIGN_STYLE = Automatic;
				CURRENT_PROJECT_VERSION = 1;
				DEAD_CODE_STRIPPING = YES;
				DEBUG_INFORMATION_FORMAT = "dwarf-with-dsym";
				ENABLE_HARDENED_RUNTIME = YES;
				ENABLE_STRICT_OBJC_MSGSEND = YES;
				ENABLE_USER_SCRIPT_SANDBOXING = YES;
				GCC_NO_COMMON_BLOCKS = YES;
				GCC_TREAT_WARNINGS_AS_ERRORS = YES;
				GCC_WARN_64_TO_32_BIT_CONVERSION = YES;
				GCC_WARN_ABOUT_MISSING_FIELD_INITIALIZERS = YES;
				GCC_WARN_ABOUT_MISSING_NEWLINE = YES;
				GCC_WARN_ABOUT_MISSING_PROTOTYPES = YES;
				GCC_WARN_ABOUT_RETURN_TYPE = YES;
				GCC_WARN_FOUR_CHARACTER_CONSTANTS = YES;
				GCC_WARN_HIDDEN_VIRTUAL_FUNCTIONS = YES;
				GCC_WARN_INITIALIZER_NOT_FULLY_BRACKETED = YES;
				GCC_WARN_NON_VIRTUAL_DESTRUCTOR = YES;
				GCC_WARN_PEDANTIC = YES;
				GCC_WARN_SHADOW = YES;
				GCC_WARN_SIGN_COMPARE = YES;
				GCC_WARN_STRICT_SELECTOR_MATCH = YES;
				GCC_WARN_UNDECLARED_SELECTOR = YES;
				GCC_WARN_UNINITIALIZED_AUTOS = YES_AGGRESSIVE;
				GCC_WARN_UNKNOWN_PRAGMAS = YES;
				GCC_WARN_UNUSED_FUNCTION = YES;
				GCC_WARN_UNUSED_LABEL = YES;
				GCC_WARN_UNUSED_PARAMETER = YES;
				GCC_WARN_UNUSED_VARIABLE = YES;
				GENERATE_INFOPLIST_FILE = YES;
				INFOPLIST_FILE = Genius/Info.plist;
				INFOPLIST_KEY_LSApplicationCategoryType = "public.app-category.utilities";
				INFOPLIST_KEY_NSHumanReadableCopyright = "© 2024 - 2025 F1248 <f1248@mailbox.org>";
				LD_WARN_DUPLICATE_LIBRARIES = YES;
				LD_WARN_UNUSED_DYLIBS = YES;
				LLVM_LTO = YES;
				MACOSX_DEPLOYMENT_TARGET = 15.0;
				MARKETING_VERSION = 0.1.0;
				PRODUCT_BUNDLE_IDENTIFIER = dev.F1248.Genius;
				PRODUCT_NAME = "$(TARGET_NAME)";
				RUN_CLANG_STATIC_ANALYZER = YES;
				SWIFT_COMPILATION_MODE = wholemodule;
				SWIFT_EMIT_LOC_STRINGS = YES;
				SWIFT_TREAT_WARNINGS_AS_ERRORS = YES;
				SWIFT_UPCOMING_FEATURE_EXISTENTIAL_ANY = YES;
				SWIFT_UPCOMING_FEATURE_INTERNAL_IMPORTS_BY_DEFAULT = YES;
				SWIFT_UPCOMING_FEATURE_MEMBER_IMPORT_VISIBILITY = YES;
				SWIFT_VERSION = 6.0;
				VALIDATE_PRODUCT = YES;
			};
			name = Release;
		};
		A42B354F2BA2185C009E81AD /* Debug */ = {
			isa = XCBuildConfiguration;
			buildSettings = {
			};
			name = Debug;
		};
		A42B35502BA2185C009E81AD /* Release */ = {
			isa = XCBuildConfiguration;
			buildSettings = {
			};
			name = Release;
		};
		A4D9A1B02D257055008D91E7 /* Debug */ = {
			isa = XCBuildConfiguration;
			buildSettings = {
				BUNDLE_LOADER = "$(TEST_HOST)";
				LD_WARN_UNUSED_DYLIBS = NO;
				PRODUCT_BUNDLE_IDENTIFIER = dev.F1248.GeniusTests;
				TEST_HOST = "$(BUILT_PRODUCTS_DIR)/Genius.app/$(BUNDLE_EXECUTABLE_FOLDER_PATH)/Genius";
			};
			name = Debug;
		};
		A4D9A1B12D257055008D91E7 /* Release */ = {
			isa = XCBuildConfiguration;
			buildSettings = {
				BUNDLE_LOADER = "$(TEST_HOST)";
				LD_WARN_UNUSED_DYLIBS = NO;
				PRODUCT_BUNDLE_IDENTIFIER = dev.F1248.GeniusTests;
				TEST_HOST = "$(BUILT_PRODUCTS_DIR)/Genius.app/$(BUNDLE_EXECUTABLE_FOLDER_PATH)/Genius";
			};
			name = Release;
		};
/* End XCBuildConfiguration section */

/* Begin XCConfigurationList section */
		A42B35382BA2185B009E81AD /* Build configuration list for PBXProject "Genius" */ = {
			isa = XCConfigurationList;
			buildConfigurations = (
				A42B354C2BA2185C009E81AD /* Debug */,
				A42B354D2BA2185C009E81AD /* Release */,
			);
			defaultConfigurationIsVisible = 0;
			defaultConfigurationName = Release;
		};
		A42B354E2BA2185C009E81AD /* Build configuration list for PBXNativeTarget "Genius" */ = {
			isa = XCConfigurationList;
			buildConfigurations = (
				A42B354F2BA2185C009E81AD /* Debug */,
				A42B35502BA2185C009E81AD /* Release */,
			);
			defaultConfigurationIsVisible = 0;
			defaultConfigurationName = Release;
		};
		A4D9A1B22D257055008D91E7 /* Build configuration list for PBXNativeTarget "GeniusTests" */ = {
			isa = XCConfigurationList;
			buildConfigurations = (
				A4D9A1B02D257055008D91E7 /* Debug */,
				A4D9A1B12D257055008D91E7 /* Release */,
			);
			defaultConfigurationIsVisible = 0;
			defaultConfigurationName = Release;
		};
/* End XCConfigurationList section */

/* Begin XCRemoteSwiftPackageReference section */
		A4672DD92C61205000C933CB /* XCRemoteSwiftPackageReference "SwiftLintPlugins" */ = {
			isa = XCRemoteSwiftPackageReference;
			repositoryURL = "https://github.com/SimplyDanny/SwiftLintPlugins";
			requirement = {
				branch = main;
				kind = branch;
			};
		};
		A46854952D1729B500DB3E87 /* XCRemoteSwiftPackageReference "Defaults" */ = {
			isa = XCRemoteSwiftPackageReference;
			repositoryURL = "https://github.com/sindresorhus/Defaults";
			requirement = {
				branch = main;
				kind = branch;
			};
		};
		A4D6DC6C2D37EE4700E9A61D /* XCRemoteSwiftPackageReference "SFSafeSymbols" */ = {
			isa = XCRemoteSwiftPackageReference;
			repositoryURL = "https://github.com/SFSafeSymbols/SFSafeSymbols";
			requirement = {
				branch = stable;
				kind = branch;
			};
		};
/* End XCRemoteSwiftPackageReference section */

/* Begin XCSwiftPackageProductDependency section */
		A4672DDA2C61207100C933CB /* SwiftLintBuildToolPlugin */ = {
			isa = XCSwiftPackageProductDependency;
			package = A4672DD92C61205000C933CB /* XCRemoteSwiftPackageReference "SwiftLintPlugins" */;
			productName = "plugin:SwiftLintBuildToolPlugin";
		};
		A46854962D1729B500DB3E87 /* Defaults */ = {
			isa = XCSwiftPackageProductDependency;
			package = A46854952D1729B500DB3E87 /* XCRemoteSwiftPackageReference "Defaults" */;
			productName = Defaults;
		};
		A4D6DC6D2D37EE4700E9A61D /* SFSafeSymbols */ = {
			isa = XCSwiftPackageProductDependency;
			package = A4D6DC6C2D37EE4700E9A61D /* XCRemoteSwiftPackageReference "SFSafeSymbols" */;
			productName = SFSafeSymbols;
		};
		A4D9A1BC2D257090008D91E7 /* SwiftLintBuildToolPlugin */ = {
			isa = XCSwiftPackageProductDependency;
			package = A4672DD92C61205000C933CB /* XCRemoteSwiftPackageReference "SwiftLintPlugins" */;
			productName = "plugin:SwiftLintBuildToolPlugin";
		};
/* End XCSwiftPackageProductDependency section */
	};
	rootObject = A42B35352BA2185B009E81AD /* Project object */;
}
