//
// © 2024 F1248 <f1248@mailbox.org>
// See LICENSE.txt for license information.
//

// !$*UTF8*$!
{
	archiveVersion = 1;
	classes = {
	};
	objectVersion = 90;
	objects = {

/* Begin PBXBuildFile section */
		A46854972D1729B500DB3E87 /* Defaults in Frameworks */ = {isa = PBXBuildFile; productRef = A46854962D1729B500DB3E87 /* Defaults */; };
		A4D6DC6E2D37EE4700E9A61D /* SFSafeSymbols in Frameworks */ = {isa = PBXBuildFile; productRef = A4D6DC6D2D37EE4700E9A61D /* SFSafeSymbols */; };
/* End PBXBuildFile section */

/* Begin PBXContainerItemProxy section */
		A4D9A1AE2D257055008D91E7 /* PBXContainerItemProxy */ = {
			isa = PBXContainerItemProxy;
			containerPortal = A42B35352BA2185B009E81AD /* Project object */;
			proxyType = 1;
			remoteGlobalIDString = A42B353C2BA2185B009E81AD;
			remoteInfo = Genius;
		};
/* End PBXContainerItemProxy section */

/* Begin PBXFileReference section */
		A42B353D2BA2185B009E81AD /* Genius.app */ = {isa = PBXFileReference; explicitFileType = wrapper.application; includeInIndex = 0; path = Genius.app; sourceTree = BUILT_PRODUCTS_DIR; };
		A438B3FA2CA346C600F8DF17 /* LICENSE.txt */ = {isa = PBXFileReference; lastKnownFileType = text; path = LICENSE.txt; sourceTree = "<group>"; };
		A43BD9C32C729A680049953D /* .swiftformat */ = {isa = PBXFileReference; lastKnownFileType = text; path = .swiftformat; sourceTree = "<group>"; };
		A444562E2D0E4EB200CE6207 /* .periphery.yml */ = {isa = PBXFileReference; lastKnownFileType = text.yaml; path = .periphery.yml; sourceTree = "<group>"; usesTabs = 0; };
		A4528F1F2BCD9B400092CBB8 /* .gitignore */ = {isa = PBXFileReference; lastKnownFileType = text; path = .gitignore; sourceTree = "<group>"; };
		A452AFF22BBF2CAB00760569 /* .swiftlint.yml */ = {isa = PBXFileReference; lastKnownFileType = text.yaml; path = .swiftlint.yml; sourceTree = "<group>"; usesTabs = 0; };
		A47BFC592C72116700B88607 /* README_DE.md */ = {isa = PBXFileReference; lastKnownFileType = net.daringfireball.markdown; path = README_DE.md; sourceTree = "<group>"; };
		A4844FF82C73E08C0021E6E8 /* Install */ = {isa = PBXFileReference; lastKnownFileType = text.script.sh; path = Install; sourceTree = "<group>"; };
		A4A9C4B62E51D8640050DF2C /* Genius.xcconfig */ = {isa = PBXFileReference; lastKnownFileType = text.xcconfig; path = Genius.xcconfig; sourceTree = "<group>"; };
		A4D9A1AA2D257055008D91E7 /* GeniusTests.xctest */ = {isa = PBXFileReference; explicitFileType = wrapper.cfbundle; includeInIndex = 0; path = GeniusTests.xctest; sourceTree = BUILT_PRODUCTS_DIR; };
		A4EB1C9A2BCC3F8200DF01A6 /* README.md */ = {isa = PBXFileReference; lastKnownFileType = net.daringfireball.markdown; path = README.md; sourceTree = "<group>"; };
/* End PBXFileReference section */

/* Begin PBXFileSystemSynchronizedBuildFileExceptionSet section */
		A450FB812D16DBC3005EA160 /* Exceptions for "Genius" folder in "Genius" target */ = {
			isa = PBXFileSystemSynchronizedBuildFileExceptionSet;
			membershipExceptions = (
				Info.plist,
			);
			target = A42B353C2BA2185B009E81AD /* Genius */;
		};
		A47C883D2E4F6E6800DC9DCC /* Exceptions for "GeniusTests" folder in "GeniusTests" target */ = {
			isa = PBXFileSystemSynchronizedBuildFileExceptionSet;
			membershipExceptions = (
				Genius.xctestplan,
				GeniusTests.xcconfig,
			);
			target = A4D9A1A92D257055008D91E7 /* GeniusTests */;
		};
/* End PBXFileSystemSynchronizedBuildFileExceptionSet section */

/* Begin PBXFileSystemSynchronizedRootGroup section */
		A417A7ED2C5EC312001FD481 /* .github */ = {
			isa = PBXFileSystemSynchronizedRootGroup;
			path = .github;
			sourceTree = "<group>";
			usesTabs = 0;
		};
		A47D8B992C26145300A0E4CF /* Genius */ = {
			isa = PBXFileSystemSynchronizedRootGroup;
			exceptions = (
				A450FB812D16DBC3005EA160 /* Exceptions for "Genius" folder in "Genius" target */,
			);
			path = Genius;
			sourceTree = "<group>";
		};
		A4D9A1AB2D257055008D91E7 /* GeniusTests */ = {
			isa = PBXFileSystemSynchronizedRootGroup;
			exceptions = (
				A47C883D2E4F6E6800DC9DCC /* Exceptions for "GeniusTests" folder in "GeniusTests" target */,
			);
			path = GeniusTests;
			sourceTree = "<group>";
		};
/* End PBXFileSystemSynchronizedRootGroup section */

/* Begin PBXFrameworksBuildPhase section */
		A46854942D1729A800DB3E87 /* Frameworks */ = {
			isa = PBXFrameworksBuildPhase;
			files = (
				A4D6DC6E2D37EE4700E9A61D /* SFSafeSymbols in Frameworks */,
				A46854972D1729B500DB3E87 /* Defaults in Frameworks */,
			);
		};
		A4D9A1A72D257055008D91E7 /* Frameworks */ = {
			isa = PBXFrameworksBuildPhase;
			files = (
			);
		};
/* End PBXFrameworksBuildPhase section */

/* Begin PBXGroup section */
		A42B35342BA2185B009E81AD = {
			isa = PBXGroup;
			children = (
				A417A7ED2C5EC312001FD481 /* .github */,
				A47D8B992C26145300A0E4CF /* Genius */,
				A4D9A1AB2D257055008D91E7 /* GeniusTests */,
				A4528F1F2BCD9B400092CBB8 /* .gitignore */,
				A444562E2D0E4EB200CE6207 /* .periphery.yml */,
				A43BD9C32C729A680049953D /* .swiftformat */,
				A452AFF22BBF2CAB00760569 /* .swiftlint.yml */,
				A4A9C4B62E51D8640050DF2C /* Genius.xcconfig */,
				A4844FF82C73E08C0021E6E8 /* Install */,
				A438B3FA2CA346C600F8DF17 /* LICENSE.txt */,
				A47BFC592C72116700B88607 /* README_DE.md */,
				A4EB1C9A2BCC3F8200DF01A6 /* README.md */,
				A42B353E2BA2185B009E81AD /* Products */,
			);
			sourceTree = "<group>";
			tabWidth = 4;
			usesTabs = 1;
		};
		A42B353E2BA2185B009E81AD /* Products */ = {
			isa = PBXGroup;
			children = (
				A42B353D2BA2185B009E81AD /* Genius.app */,
				A4D9A1AA2D257055008D91E7 /* GeniusTests.xctest */,
			);
			name = Products;
			sourceTree = "<group>";
		};
/* End PBXGroup section */

/* Begin PBXNativeTarget section */
		A42B353C2BA2185B009E81AD /* Genius */ = {
			isa = PBXNativeTarget;
			buildConfigurationList = A42B354E2BA2185C009E81AD /* Build configuration list for PBXNativeTarget "Genius" */;
			buildPhases = (
				A42660D12C729D04000E0507 /* SwiftFormat */,
				A42B35392BA2185B009E81AD /* Sources */,
				A46854942D1729A800DB3E87 /* Frameworks */,
				A42B353B2BA2185B009E81AD /* Resources */,
			);
			buildRules = (
			);
			dependencies = (
				A4672DDB2C61207100C933CB /* PBXTargetDependency */,
			);
			fileSystemSynchronizedGroups = (
				A47D8B992C26145300A0E4CF /* Genius */,
			);
			name = Genius;
			productName = Genius;
			productReference = A42B353D2BA2185B009E81AD /* Genius.app */;
			productType = "com.apple.product-type.application";
		};
		A4D9A1A92D257055008D91E7 /* GeniusTests */ = {
			isa = PBXNativeTarget;
			buildConfigurationList = A4D9A1B22D257055008D91E7 /* Build configuration list for PBXNativeTarget "GeniusTests" */;
			buildPhases = (
				A4D9A1A62D257055008D91E7 /* Sources */,
				A4D9A1A72D257055008D91E7 /* Frameworks */,
				A4D9A1A82D257055008D91E7 /* Resources */,
			);
			buildRules = (
			);
			dependencies = (
				A4D9A1BD2D257090008D91E7 /* PBXTargetDependency */,
				A4D9A1AF2D257055008D91E7 /* PBXTargetDependency */,
			);
			fileSystemSynchronizedGroups = (
				A4D9A1AB2D257055008D91E7 /* GeniusTests */,
			);
			name = GeniusTests;
			productName = GeniusTests;
			productReference = A4D9A1AA2D257055008D91E7 /* GeniusTests.xctest */;
			productType = "com.apple.product-type.bundle.unit-test";
		};
/* End PBXNativeTarget section */

/* Begin PBXProject section */
		A42B35352BA2185B009E81AD /* Project object */ = {
			isa = PBXProject;
			attributes = {
				BuildIndependentTargetsInParallel = YES;
				LastSwiftUpdateCheck = 2600;
				LastUpgradeCheck = 2600;
				TargetAttributes = {
					A42B353C2BA2185B009E81AD = {
						CreatedOnToolsVersion = 26.0;
					};
					A4D9A1A92D257055008D91E7 = {
						CreatedOnToolsVersion = 26.0;
						TestTargetID = A42B353C2BA2185B009E81AD;
					};
				};
			};
			buildConfigurationList = A42B35382BA2185B009E81AD /* Build configuration list for PBXProject "Genius" */;
			developmentRegion = en;
			hasScannedForEncodings = 0;
			knownRegions = (
				en,
				de,
			);
			mainGroup = A42B35342BA2185B009E81AD;
			minimizedProjectReferenceProxies = 1;
			packageReferences = (
				A4672DD92C61205000C933CB /* XCRemoteSwiftPackageReference "SwiftLintPlugins" */,
				A46854952D1729B500DB3E87 /* XCRemoteSwiftPackageReference "Defaults" */,
				A4D6DC6C2D37EE4700E9A61D /* XCRemoteSwiftPackageReference "SFSafeSymbols" */,
			);
			preferredProjectObjectVersion = 90;
			productRefGroup = A42B353E2BA2185B009E81AD /* Products */;
			projectDirPath = "";
			projectRoot = "";
			targets = (
				A42B353C2BA2185B009E81AD /* Genius */,
				A4D9A1A92D257055008D91E7 /* GeniusTests */,
			);
		};
/* End PBXProject section */

/* Begin PBXResourcesBuildPhase section */
		A42B353B2BA2185B009E81AD /* Resources */ = {
			isa = PBXResourcesBuildPhase;
			files = (
			);
		};
		A4D9A1A82D257055008D91E7 /* Resources */ = {
			isa = PBXResourcesBuildPhase;
			files = (
			);
		};
/* End PBXResourcesBuildPhase section */

/* Begin PBXShellScriptBuildPhase section */
		A42660D12C729D04000E0507 /* SwiftFormat */ = {
			isa = PBXShellScriptBuildPhase;
			alwaysOutOfDate = 1;
			name = SwiftFormat;
			shellPath = /bin/zsh;
			shellScript = "if [[ ${CONFIGURATION} == Debug ]]; then\n\tif which -s swiftformat; then\n\t\tswiftformat --lint --lenient .\n\telse\n\t\techo \"warning: SwiftFormat is not installed, see https://github.com/nicklockwood/SwiftFormat#command-line-tool for installation instructions\"\n\tfi\nfi\n";
		};
/* End PBXShellScriptBuildPhase section */

/* Begin PBXSourcesBuildPhase section */
		A42B35392BA2185B009E81AD /* Sources */ = {
			isa = PBXSourcesBuildPhase;
			files = (
			);
		};
		A4D9A1A62D257055008D91E7 /* Sources */ = {
			isa = PBXSourcesBuildPhase;
			files = (
			);
		};
/* End PBXSourcesBuildPhase section */

/* Begin PBXTargetDependency section */
		A4672DDB2C61207100C933CB /* PBXTargetDependency */ = {
			isa = PBXTargetDependency;
			productRef = A4672DDA2C61207100C933CB /* SwiftLintBuildToolPlugin */;
		};
		A4D9A1AF2D257055008D91E7 /* PBXTargetDependency */ = {
			isa = PBXTargetDependency;
			target = A42B353C2BA2185B009E81AD /* Genius */;
			targetProxy = A4D9A1AE2D257055008D91E7 /* PBXContainerItemProxy */;
		};
		A4D9A1BD2D257090008D91E7 /* PBXTargetDependency */ = {
			isa = PBXTargetDependency;
			productRef = A4D9A1BC2D257090008D91E7 /* SwiftLintBuildToolPlugin */;
		};
/* End PBXTargetDependency section */

/* Begin XCBuildConfiguration section */
		A42B354C2BA2185C009E81AD /* Debug configuration for PBXProject "Genius" */ = {
			isa = XCBuildConfiguration;
			baseConfigurationReference = A4A9C4B62E51D8640050DF2C /* Genius.xcconfig */;
			buildSettings = {
			};
			name = Debug;
		};
		A42B354D2BA2185C009E81AD /* Release configuration for PBXProject "Genius" */ = {
			isa = XCBuildConfiguration;
			baseConfigurationReference = A4A9C4B62E51D8640050DF2C /* Genius.xcconfig */;
			buildSettings = {
			};
			name = Release;
		};
		A42B354F2BA2185C009E81AD /* Debug configuration for PBXNativeTarget "Genius" */ = {
			isa = XCBuildConfiguration;
			buildSettings = {
			};
			name = Debug;
		};
		A42B35502BA2185C009E81AD /* Release configuration for PBXNativeTarget "Genius" */ = {
			isa = XCBuildConfiguration;
			buildSettings = {
			};
			name = Release;
		};
		A4B529DB2E4DE6D900BBFD52 /* Test-Release configuration for PBXProject "Genius" */ = {
			isa = XCBuildConfiguration;
			baseConfigurationReference = A4A9C4B62E51D8640050DF2C /* Genius.xcconfig */;
			buildSettings = {
			};
			name = "Test-Release";
		};
		A4B529DC2E4DE6D900BBFD52 /* Test-Release configuration for PBXNativeTarget "Genius" */ = {
			isa = XCBuildConfiguration;
			buildSettings = {
			};
			name = "Test-Release";
		};
		A4B529DD2E4DE6D900BBFD52 /* Test-Release configuration for PBXNativeTarget "GeniusTests" */ = {
			isa = XCBuildConfiguration;
			baseConfigurationReferenceAnchor = A4D9A1AB2D257055008D91E7 /* GeniusTests */;
			baseConfigurationReferenceRelativePath = GeniusTests.xcconfig;
			buildSettings = {
			};
			name = "Test-Release";
		};
		A4D9A1B02D257055008D91E7 /* Debug configuration for PBXNativeTarget "GeniusTests" */ = {
			isa = XCBuildConfiguration;
			buildSettings = {
			};
			name = Debug;
		};
		A4D9A1B12D257055008D91E7 /* Release configuration for PBXNativeTarget "GeniusTests" */ = {
			isa = XCBuildConfiguration;
			buildSettings = {
			};
			name = Release;
		};
		C8D3C35B2E7EFF4C005EC7BA /* Test-Debug configuration for PBXProject "Genius" */ = {
			isa = XCBuildConfiguration;
			baseConfigurationReference = A4A9C4B62E51D8640050DF2C /* Genius.xcconfig */;
			buildSettings = {
			};
			name = "Test-Debug";
		};
		C8D3C35C2E7EFF4C005EC7BA /* Test-Debug configuration for PBXNativeTarget "Genius" */ = {
			isa = XCBuildConfiguration;
			buildSettings = {
			};
			name = "Test-Debug";
		};
		C8D3C35D2E7EFF4C005EC7BA /* Test-Debug configuration for PBXNativeTarget "GeniusTests" */ = {
			isa = XCBuildConfiguration;
			baseConfigurationReferenceAnchor = A4D9A1AB2D257055008D91E7 /* GeniusTests */;
			baseConfigurationReferenceRelativePath = GeniusTests.xcconfig;
			buildSettings = {
			};
			name = "Test-Debug";
		};
/* End XCBuildConfiguration section */

/* Begin XCConfigurationList section */
		A42B35382BA2185B009E81AD /* Build configuration list for PBXProject "Genius" */ = {
			isa = XCConfigurationList;
			buildConfigurations = (
				A42B354C2BA2185C009E81AD /* Debug configuration for PBXProject "Genius" */,
				A42B354D2BA2185C009E81AD /* Release configuration for PBXProject "Genius" */,
				C8D3C35B2E7EFF4C005EC7BA /* Test-Debug configuration for PBXProject "Genius" */,
				A4B529DB2E4DE6D900BBFD52 /* Test-Release configuration for PBXProject "Genius" */,
			);
			defaultConfigurationName = Release;
		};
		A42B354E2BA2185C009E81AD /* Build configuration list for PBXNativeTarget "Genius" */ = {
			isa = XCConfigurationList;
			buildConfigurations = (
				A42B354F2BA2185C009E81AD /* Debug configuration for PBXNativeTarget "Genius" */,
				A42B35502BA2185C009E81AD /* Release configuration for PBXNativeTarget "Genius" */,
				C8D3C35C2E7EFF4C005EC7BA /* Test-Debug configuration for PBXNativeTarget "Genius" */,
				A4B529DC2E4DE6D900BBFD52 /* Test-Release configuration for PBXNativeTarget "Genius" */,
			);
			defaultConfigurationName = Release;
		};
		A4D9A1B22D257055008D91E7 /* Build configuration list for PBXNativeTarget "GeniusTests" */ = {
			isa = XCConfigurationList;
			buildConfigurations = (
				A4D9A1B02D257055008D91E7 /* Debug configuration for PBXNativeTarget "GeniusTests" */,
				A4D9A1B12D257055008D91E7 /* Release configuration for PBXNativeTarget "GeniusTests" */,
				C8D3C35D2E7EFF4C005EC7BA /* Test-Debug configuration for PBXNativeTarget "GeniusTests" */,
				A4B529DD2E4DE6D900BBFD52 /* Test-Release configuration for PBXNativeTarget "GeniusTests" */,
			);
			defaultConfigurationName = Release;
		};
/* End XCConfigurationList section */

/* Begin XCRemoteSwiftPackageReference section */
		A4672DD92C61205000C933CB /* XCRemoteSwiftPackageReference "SwiftLintPlugins" */ = {
			isa = XCRemoteSwiftPackageReference;
			repositoryURL = "https://github.com/SimplyDanny/SwiftLintPlugins";
			requirement = {
				branch = main;
				kind = branch;
			};
		};
		A46854952D1729B500DB3E87 /* XCRemoteSwiftPackageReference "Defaults" */ = {
			isa = XCRemoteSwiftPackageReference;
			repositoryURL = "https://github.com/sindresorhus/Defaults";
			requirement = {
				kind = exactVersion;
				version = 9.0.5;
			};
		};
		A4D6DC6C2D37EE4700E9A61D /* XCRemoteSwiftPackageReference "SFSafeSymbols" */ = {
			isa = XCRemoteSwiftPackageReference;
			repositoryURL = "https://github.com/SFSafeSymbols/SFSafeSymbols";
			requirement = {
				kind = exactVersion;
				version = 6.2.0;
			};
		};
/* End XCRemoteSwiftPackageReference section */

/* Begin XCSwiftPackageProductDependency section */
		A4672DDA2C61207100C933CB /* SwiftLintBuildToolPlugin */ = {
			isa = XCSwiftPackageProductDependency;
			package = A4672DD92C61205000C933CB /* XCRemoteSwiftPackageReference "SwiftLintPlugins" */;
			productName = "plugin:SwiftLintBuildToolPlugin";
		};
		A46854962D1729B500DB3E87 /* Defaults */ = {
			isa = XCSwiftPackageProductDependency;
			package = A46854952D1729B500DB3E87 /* XCRemoteSwiftPackageReference "Defaults" */;
			productName = Defaults;
		};
		A4D6DC6D2D37EE4700E9A61D /* SFSafeSymbols */ = {
			isa = XCSwiftPackageProductDependency;
			package = A4D6DC6C2D37EE4700E9A61D /* XCRemoteSwiftPackageReference "SFSafeSymbols" */;
			productName = SFSafeSymbols;
		};
		A4D9A1BC2D257090008D91E7 /* SwiftLintBuildToolPlugin */ = {
			isa = XCSwiftPackageProductDependency;
			package = A4672DD92C61205000C933CB /* XCRemoteSwiftPackageReference "SwiftLintPlugins" */;
			productName = "plugin:SwiftLintBuildToolPlugin";
		};
/* End XCSwiftPackageProductDependency section */
	};
	rootObject = A42B35352BA2185B009E81AD /* Project object */;
}
